
Microsoft Visual Studio Solution File, Format Version 12.00
# Visual Studio Version 17
VisualStudioVersion = 17.9.34728.123
MinimumVisualStudioVersion = 10.0.40219.1
Project("{9A19103F-16F7-4668-BE54-9A1E7A4F7556}") = "GPTProject.Core", "GPTTest\GPTProject.Core.csproj", "{38961B34-0507-463B-A6F0-61230A5BE8AA}"
EndProject
Project("{9A19103F-16F7-4668-BE54-9A1E7A4F7556}") = "SITBLabs", "SITBLabs\SITBLabs.csproj", "{40B37435-922D-449C-A52E-5F67F1A269C7}"
EndProject
Global
	GlobalSection(SolutionConfigurationPlatforms) = preSolution
		Debug|Any CPU = Debug|Any CPU
		Release|Any CPU = Release|Any CPU
	EndGlobalSection
	GlobalSection(ProjectConfigurationPlatforms) = postSolution
		{38961B34-0507-463B-A6F0-61230A5BE8AA}.Debug|Any CPU.ActiveCfg = Debug|Any CPU
		{38961B34-0507-463B-A6F0-61230A5BE8AA}.Debug|Any CPU.Build.0 = Debug|Any CPU
		{38961B34-0507-463B-A6F0-61230A5BE8AA}.Release|Any CPU.ActiveCfg = Release|Any CPU
		{38961B34-0507-463B-A6F0-61230A5BE8AA}.Release|Any CPU.Build.0 = Release|Any CPU
		{40B37435-922D-449C-A52E-5F67F1A269C7}.Debug|Any CPU.ActiveCfg = Debug|Any CPU
		{40B37435-922D-449C-A52E-5F67F1A269C7}.Debug|Any CPU.Build.0 = Debug|Any CPU
		{40B37435-922D-449C-A52E-5F67F1A269C7}.Release|Any CPU.ActiveCfg = Release|Any CPU
		{40B37435-922D-449C-A52E-5F67F1A269C7}.Release|Any CPU.Build.0 = Release|Any CPU
	EndGlobalSection
	GlobalSection(SolutionProperties) = preSolution
		HideSolutionNode = FALSE
	EndGlobalSection
	GlobalSection(ExtensibilityGlobals) = postSolution
		SolutionGuid = {F9B9A027-F5CC-4917-ADF4-ABEC7605421C}
	EndGlobalSection
EndGlobal
